{
  "nodes": {
    "nixpkgs": {
      "locked": {
        "lastModified": 315532800,
        "narHash": "sha256-F5163SsL9xqCLcx8CS2Y5MeLA5z6mfgXGDiCBEqSnbo=",
        "type": "tarball",
        "url": "https://mirrors.tuna.tsinghua.edu.cn/nix-channels/nixos-26.05/nixexprs.tar.xz"
      },
      "original": {
        "type": "tarball",
        "url": "https://mirrors.tuna.tsinghua.edu.cn/nix-channels/nixos-26.05/nixexprs.tar.xz"
      }
    },
    "root": {
      "inputs": {
        "nixpkgs": "nixpkgs"
      }
    }
  },
  "root": "root",
  "version": 7
}
